# THIS IS AN AUTOGENERATED FILE. DO NOT EDIT THIS FILE DIRECTLY.
# yarn lockfile v1


"@babel/parser@^7.23.9":
  version "7.23.9"
  resolved "https://registry.yarnpkg.com/@babel/parser/-/parser-7.23.9.tgz#7b903b6149b0f8fa7ad564af646c4c38a77fc44b"
  integrity sha512-9tcKgqKbs3xGJ+NtKF2ndOBBLVwPjl1SHxPQkd36r3Dlirw3xWUeGaTbqr7uGZcTaxkVNwc+03SVP7aCdWrTlA==

"@jridgewell/sourcemap-codec@^1.4.15":
  version "1.4.15"
  resolved "https://registry.yarnpkg.com/@jridgewell/sourcemap-codec/-/sourcemap-codec-1.4.15.tgz#d7c6e6755c78567a951e04ab52ef0fd26de59f32"
  integrity sha512-eF2rxCRulEKXHTRiDrDy6erMYWqNw4LPdQ8UQA4huuxaQsVeRPFl2oM8oDGxMFhJUWZf9McpLtJasDDZb/Bpeg==

"@vue/compiler-core@3.4.16":
  version "3.4.16"
  resolved "https://registry.yarnpkg.com/@vue/compiler-core/-/compiler-core-3.4.16.tgz#366805bb40d23ec82d4c352b78227a3d58293a30"
  integrity sha512-HXgyy7gen4FNJS8Hz2q/NNBEdzD3QInhDTWaP2/mS0TlmV9CnjmXip7TZ0ROYiQM4FgXZCCJvh74yDikFkPpkQ==
  dependencies:
    "@babel/parser" "^7.23.9"
    "@vue/shared" "3.4.16"
    entities "^4.5.0"
    estree-walker "^2.0.2"
    source-map-js "^1.0.2"

"@vue/compiler-dom@3.4.16":
  version "3.4.16"
  resolved "https://registry.yarnpkg.com/@vue/compiler-dom/-/compiler-dom-3.4.16.tgz#f3c0d8062a5cbc3bba9a83c16237483622a2c998"
  integrity sha512-lvs9ankPzLEuIC5aB72ntLUcwVGmgY7ASkXDRvo9+lUMWOOCqnAmM/64AZPeVAZ4EnjocCE40OUN+ZboNe4ygA==
  dependencies:
    "@vue/compiler-core" "3.4.16"
    "@vue/shared" "3.4.16"

"@vue/compiler-sfc@3.4.16":
  version "3.4.16"
  resolved "https://registry.yarnpkg.com/@vue/compiler-sfc/-/compiler-sfc-3.4.16.tgz#77d23ecebff67c3bef58f04b6b7a9ba11605e9fa"
  integrity sha512-zVYC42Q/NmbB4nigGcQeIvsLpBlq6K9wJP5jTFCqfpXWnkodxfLFQHDu2GntZ7yKOgwAjxuvLwrPx+I6LPL2vg==
  dependencies:
    "@babel/parser" "^7.23.9"
    "@vue/compiler-core" "3.4.16"
    "@vue/compiler-dom" "3.4.16"
    "@vue/compiler-ssr" "3.4.16"
    "@vue/shared" "3.4.16"
    estree-walker "^2.0.2"
    magic-string "^0.30.6"
    postcss "^8.4.33"
    source-map-js "^1.0.2"

"@vue/compiler-ssr@3.4.16":
  version "3.4.16"
  resolved "https://registry.yarnpkg.com/@vue/compiler-ssr/-/compiler-ssr-3.4.16.tgz#f1ffcfb6ce2d5d7dc18ed686909489c944657fda"
  integrity sha512-1kNF+fHdEB+5aTcPZ0hh/gzi9Ezq5IBO4bl/hV4Dg4fub6t12W6VGlsERtvdUaEowL35M3pojv0hOvLaq0FbdQ==
  dependencies:
    "@vue/compiler-dom" "3.4.16"
    "@vue/shared" "3.4.16"

"@vue/reactivity@3.4.16":
  version "3.4.16"
  resolved "https://registry.yarnpkg.com/@vue/reactivity/-/reactivity-3.4.16.tgz#bc925def789c69c091f9fe89ce3fab46acb31471"
  integrity sha512-XTWRMBG10PGs4MxDoUdBEhMacS5QBUAlGeb5AmQysTQ16tXxQ0lymgbSTmR2h79v5dJDFuULuLWUbwc0uj6zqQ==
  dependencies:
    "@vue/shared" "3.4.16"

"@vue/runtime-core@3.4.16":
  version "3.4.16"
  resolved "https://registry.yarnpkg.com/@vue/runtime-core/-/runtime-core-3.4.16.tgz#d9f6ed355055c10704321e60c39d1380993ccc91"
  integrity sha512-vgS25M79AOY2EsBWxBcy9yAou10x2WHJhGN0FM/Ii8yum0a+KBfg8ehzq/cuDqfOPrtVrDPW+QkH3WNJNakfRw==
  dependencies:
    "@vue/reactivity" "3.4.16"
    "@vue/shared" "3.4.16"

"@vue/runtime-dom@3.4.16":
  version "3.4.16"
  resolved "https://registry.yarnpkg.com/@vue/runtime-dom/-/runtime-dom-3.4.16.tgz#3ca030d0bc90ce7978ab3120c3f3611490ece0e7"
  integrity sha512-X+knHfhefB8tX0rJG3d14U8p1CpeZ/qZxol9rN8ZAD9UalTInIsKXlBTd/xLC8GwO2aXVXxjaSIiTU5th5wj9Q==
  dependencies:
    "@vue/runtime-core" "3.4.16"
    "@vue/shared" "3.4.16"
    csstype "^3.1.3"

"@vue/server-renderer@3.4.16":
  version "3.4.16"
  resolved "https://registry.yarnpkg.com/@vue/server-renderer/-/server-renderer-3.4.16.tgz#cd81e732bee7f66feac6b8378194216d64854111"
  integrity sha512-e0PZDpk/eZgICYb0DTQ+OeBlgt0FYGo+2DEcUkZxw+pDgF1qL0aYaOqmPcSbL5KK0nizvuSd7k5HZOkSwSaC2g==
  dependencies:
    "@vue/compiler-ssr" "3.4.16"
    "@vue/shared" "3.4.16"

"@vue/shared@3.4.16":
  version "3.4.16"
  resolved "https://registry.yarnpkg.com/@vue/shared/-/shared-3.4.16.tgz#003eb5e759adea5aa1d5d51625ab10d7be437b26"
  integrity sha512-HKCjeaxR+R95dCw1BDaytcHdlzZj9lxj7RlFnxWtcKq670t8oSeMsbPlkzkNc2V6IUzHaMtUxdBcdREAhb+7NA==

csstype@^3.1.3:
  version "3.1.3"
  resolved "https://registry.yarnpkg.com/csstype/-/csstype-3.1.3.tgz#d80ff294d114fb0e6ac500fbf85b60137d7eff81"
  integrity sha512-M1uQkMl8rQK/szD0LNhtqxIPLpimGm8sOBwU7lLnCpSbTyY3yeU1Vc7l4KT5zT4s/yOxHH5O7tIuuLOCnLADRw==

entities@^4.5.0:
  version "4.5.0"
  resolved "https://registry.yarnpkg.com/entities/-/entities-4.5.0.tgz#5d268ea5e7113ec74c4d033b79ea5a35a488fb48"
  integrity sha512-V0hjH4dGPh9Ao5p0MoRY6BVqtwCjhz6vI5LT8AJ55H+4g9/4vbHx1I54fS0XuclLhDHArPQCiMjDxjaL8fPxhw==

estree-walker@^2.0.2:
  version "2.0.2"
  resolved "https://registry.yarnpkg.com/estree-walker/-/estree-walker-2.0.2.tgz#52f010178c2a4c117a7757cfe942adb7d2da4cac"
  integrity sha512-Rfkk/Mp/DL7JVje3u18FxFujQlTNR2q6QfMSMB7AvCBx91NGj/ba3kCfza0f6dVDbw7YlRf/nDrn7pQrCCyQ/w==

magic-string@^0.30.6:
  version "0.30.7"
  resolved "https://registry.yarnpkg.com/magic-string/-/magic-string-0.30.7.tgz#0cecd0527d473298679da95a2d7aeb8c64048505"
  integrity sha512-8vBuFF/I/+OSLRmdf2wwFCJCz+nSn0m6DPvGH1fS/KiQoSaR+sETbov0eIk9KhEKy8CYqIkIAnbohxT/4H0kuA==
  dependencies:
    "@jridgewell/sourcemap-codec" "^1.4.15"

nanoid@^3.3.7:
  version "3.3.7"
  resolved "https://registry.yarnpkg.com/nanoid/-/nanoid-3.3.7.tgz#d0c301a691bc8d54efa0a2226ccf3fe2fd656bd8"
  integrity sha512-eSRppjcPIatRIMC1U6UngP8XFcz8MQWGQdt1MTBQ7NaAmvXDfvNxbvWV3x2y6CdEUciCSsDHDQZbhYaB8QEo2g==

picocolors@^1.0.0:
  version "1.0.0"
  resolved "https://registry.yarnpkg.com/picocolors/-/picocolors-1.0.0.tgz#cb5bdc74ff3f51892236eaf79d68bc44564ab81c"
  integrity sha512-1fygroTLlHu66zi26VoTDv8yRgm0Fccecssto+MhsZ0D/DGW2sm8E8AjW7NU5VVTRt5GxbeZ5qBuJr+HyLYkjQ==

postcss@^8.4.33:
  version "8.4.35"
  resolved "https://registry.yarnpkg.com/postcss/-/postcss-8.4.35.tgz#60997775689ce09011edf083a549cea44aabe2f7"
  integrity sha512-u5U8qYpBCpN13BsiEB0CbR1Hhh4Gc0zLFuedrHJKMctHCHAGrMdG0PRM/KErzAL3CU6/eckEtmHNB3x6e3c0vA==
  dependencies:
    nanoid "^3.3.7"
    picocolors "^1.0.0"
    source-map-js "^1.0.2"

source-map-js@^1.0.2:
  version "1.0.2"
  resolved "https://registry.yarnpkg.com/source-map-js/-/source-map-js-1.0.2.tgz#adbc361d9c62df380125e7f161f71c826f1e490c"
  integrity sha512-R0XvVJ9WusLiqTCEiGCmICCMplcCkIwwR11mOSD9CR5u+IXYdiseeEuXCVAjS54zqwkLcPNnmU4OeJ6tUrWhDw==

vue@3.4.16:
  version "3.4.16"
  resolved "https://registry.yarnpkg.com/vue/-/vue-3.4.16.tgz#2ba9dcfe0fc1bd7bdcc02b983e4bee029a51b4be"
  integrity sha512-l5/KcZRp3GbsFXQGeCL9ll1JfRU285K/7l8mZM+dEO+CnE1j26MvfBKJi17iCRRwstl+Jz7KSLlzj9L79fB6WA==
  dependencies:
    "@vue/compiler-dom" "3.4.16"
    "@vue/compiler-sfc" "3.4.16"
    "@vue/runtime-dom" "3.4.16"
    "@vue/server-renderer" "3.4.16"
    "@vue/shared" "3.4.16"
